
Microsoft Visual Studio Solution File, Format Version 12.00
# Visual Studio 2012
Project("{FAE04EC0-301F-11D3-BF4B-00C04F79EFBC}") = "Joosh.MapConfig", "Joosh.Interface.Nancy\Joosh.MapConfig.csproj", "{0C73A276-1A6F-4526-B9E8-1FD77C02BBAF}"
EndProject
Project("{FAE04EC0-301F-11D3-BF4B-00C04F79EFBC}") = "Joosh.Web", "Joosh.Web.Nancy\Joosh.Web.csproj", "{5B543C77-C124-4424-8B51-9B0D2915AB57}"
EndProject
Project("{FAE04EC0-301F-11D3-BF4B-00C04F79EFBC}") = "Joosh.UnifiedSearch", "Joosh.Nancy.UnifiedSearch\Joosh.UnifiedSearch.csproj", "{B3D19BFF-BC0C-40EE-BD88-04083469D1F1}"
EndProject
Project("{FAE04EC0-301F-11D3-BF4B-00C04F79EFBC}") = "Joosh.Proxy", "Joosh.Proxy\Joosh.Proxy.csproj", "{3D198118-0FE3-4664-BA7D-4CBF8CFBC818}"
EndProject
Global
	GlobalSection(SolutionConfigurationPlatforms) = preSolution
		Debug|Any CPU = Debug|Any CPU
		Release|Any CPU = Release|Any CPU
	EndGlobalSection
	GlobalSection(ProjectConfigurationPlatforms) = postSolution
		{0C73A276-1A6F-4526-B9E8-1FD77C02BBAF}.Debug|Any CPU.ActiveCfg = Debug|Any CPU
		{0C73A276-1A6F-4526-B9E8-1FD77C02BBAF}.Debug|Any CPU.Build.0 = Debug|Any CPU
		{0C73A276-1A6F-4526-B9E8-1FD77C02BBAF}.Release|Any CPU.ActiveCfg = Release|Any CPU
		{0C73A276-1A6F-4526-B9E8-1FD77C02BBAF}.Release|Any CPU.Build.0 = Release|Any CPU
		{5B543C77-C124-4424-8B51-9B0D2915AB57}.Debug|Any CPU.ActiveCfg = Debug|Any CPU
		{5B543C77-C124-4424-8B51-9B0D2915AB57}.Debug|Any CPU.Build.0 = Debug|Any CPU
		{5B543C77-C124-4424-8B51-9B0D2915AB57}.Release|Any CPU.ActiveCfg = Release|Any CPU
		{5B543C77-C124-4424-8B51-9B0D2915AB57}.Release|Any CPU.Build.0 = Release|Any CPU
		{B3D19BFF-BC0C-40EE-BD88-04083469D1F1}.Debug|Any CPU.ActiveCfg = Debug|Any CPU
		{B3D19BFF-BC0C-40EE-BD88-04083469D1F1}.Debug|Any CPU.Build.0 = Debug|Any CPU
		{B3D19BFF-BC0C-40EE-BD88-04083469D1F1}.Release|Any CPU.ActiveCfg = Release|Any CPU
		{B3D19BFF-BC0C-40EE-BD88-04083469D1F1}.Release|Any CPU.Build.0 = Release|Any CPU
		{3D198118-0FE3-4664-BA7D-4CBF8CFBC818}.Debug|Any CPU.ActiveCfg = Debug|Any CPU
		{3D198118-0FE3-4664-BA7D-4CBF8CFBC818}.Debug|Any CPU.Build.0 = Debug|Any CPU
		{3D198118-0FE3-4664-BA7D-4CBF8CFBC818}.Release|Any CPU.ActiveCfg = Release|Any CPU
		{3D198118-0FE3-4664-BA7D-4CBF8CFBC818}.Release|Any CPU.Build.0 = Release|Any CPU
	EndGlobalSection
	GlobalSection(SolutionProperties) = preSolution
		HideSolutionNode = FALSE
	EndGlobalSection
EndGlobal
